
Microsoft Visual Studio Solution File, Format Version 12.00
Project("{FAE04EC0-301F-11D3-BF4B-00C04F79EFBC}") = "ItemSelectedRepro", "ItemSelectedRepro\ItemSelectedRepro.csproj", "{5F51A997-B1E3-4ED6-91DA-7F45CAB5549E}"
EndProject
Global
	GlobalSection(SolutionConfigurationPlatforms) = preSolution
		Debug|Any CPU = Debug|Any CPU
		Release|Any CPU = Release|Any CPU
	EndGlobalSection
	GlobalSection(ProjectConfigurationPlatforms) = postSolution
		{5F51A997-B1E3-4ED6-91DA-7F45CAB5549E}.Debug|Any CPU.ActiveCfg = Debug|Any CPU
		{5F51A997-B1E3-4ED6-91DA-7F45CAB5549E}.Debug|Any CPU.Build.0 = Debug|Any CPU
		{5F51A997-B1E3-4ED6-91DA-7F45CAB5549E}.Release|Any CPU.ActiveCfg = Release|Any CPU
		{5F51A997-B1E3-4ED6-91DA-7F45CAB5549E}.Release|Any CPU.Build.0 = Release|Any CPU
	EndGlobalSection
EndGlobal
